
Microsoft Visual Studio Solution File, Format Version 12.00
# Visual Studio Version 17
VisualStudioVersion = 17.2.32516.85
MinimumVisualStudioVersion = 10.0.40219.1
Project("{FAE04EC0-301F-11D3-BF4B-00C04F79EFBC}") = "InterfaceExample", "InterfaceExample\InterfaceExample.csproj", "{70FA389D-8FA3-4F2E-8931-ED2F49A9DED4}"
EndProject
Global
	GlobalSection(SolutionConfigurationPlatforms) = preSolution
		Debug|Any CPU = Debug|Any CPU
		Release|Any CPU = Release|Any CPU
	EndGlobalSection
	GlobalSection(ProjectConfigurationPlatforms) = postSolution
		{70FA389D-8FA3-4F2E-8931-ED2F49A9DED4}.Debug|Any CPU.ActiveCfg = Debug|Any CPU
		{70FA389D-8FA3-4F2E-8931-ED2F49A9DED4}.Debug|Any CPU.Build.0 = Debug|Any CPU
		{70FA389D-8FA3-4F2E-8931-ED2F49A9DED4}.Release|Any CPU.ActiveCfg = Release|Any CPU
		{70FA389D-8FA3-4F2E-8931-ED2F49A9DED4}.Release|Any CPU.Build.0 = Release|Any CPU
	EndGlobalSection
	GlobalSection(SolutionProperties) = preSolution
		HideSolutionNode = FALSE
	EndGlobalSection
	GlobalSection(ExtensibilityGlobals) = postSolution
		SolutionGuid = {FCFB3E75-72C6-4041-93DA-9258AFDCF787}
	EndGlobalSection
EndGlobal
