
Microsoft Visual Studio Solution File, Format Version 12.00
# Visual Studio Version 17
VisualStudioVersion = 17.2.32516.85
MinimumVisualStudioVersion = 10.0.40219.1
Project("{FAE04EC0-301F-11D3-BF4B-00C04F79EFBC}") = "Calculadora", "Questão_1\Calculadora.csproj", "{D35B7FD6-4247-40CA-873D-914D5C342046}"
EndProject
Global
	GlobalSection(SolutionConfigurationPlatforms) = preSolution
		Debug|Any CPU = Debug|Any CPU
		Release|Any CPU = Release|Any CPU
	EndGlobalSection
	GlobalSection(ProjectConfigurationPlatforms) = postSolution
		{D35B7FD6-4247-40CA-873D-914D5C342046}.Debug|Any CPU.ActiveCfg = Debug|Any CPU
		{D35B7FD6-4247-40CA-873D-914D5C342046}.Debug|Any CPU.Build.0 = Debug|Any CPU
		{D35B7FD6-4247-40CA-873D-914D5C342046}.Release|Any CPU.ActiveCfg = Release|Any CPU
		{D35B7FD6-4247-40CA-873D-914D5C342046}.Release|Any CPU.Build.0 = Release|Any CPU
	EndGlobalSection
	GlobalSection(SolutionProperties) = preSolution
		HideSolutionNode = FALSE
	EndGlobalSection
	GlobalSection(ExtensibilityGlobals) = postSolution
		SolutionGuid = {7B091CB4-AF2A-41D5-A9F0-8AD39F6F42F8}
	EndGlobalSection
EndGlobal
