
Microsoft Visual Studio Solution File, Format Version 12.00
# Visual Studio Version 17
VisualStudioVersion = 17.2.32516.85
MinimumVisualStudioVersion = 10.0.40219.1
Project("{FAE04EC0-301F-11D3-BF4B-00C04F79EFBC}") = "LogRegister", "LogRegister\LogRegister.csproj", "{43ED2027-FD76-48E7-A483-046F4B1926A0}"
EndProject
Global
	GlobalSection(SolutionConfigurationPlatforms) = preSolution
		Debug|Any CPU = Debug|Any CPU
		Release|Any CPU = Release|Any CPU
	EndGlobalSection
	GlobalSection(ProjectConfigurationPlatforms) = postSolution
		{43ED2027-FD76-48E7-A483-046F4B1926A0}.Debug|Any CPU.ActiveCfg = Debug|Any CPU
		{43ED2027-FD76-48E7-A483-046F4B1926A0}.Debug|Any CPU.Build.0 = Debug|Any CPU
		{43ED2027-FD76-48E7-A483-046F4B1926A0}.Release|Any CPU.ActiveCfg = Release|Any CPU
		{43ED2027-FD76-48E7-A483-046F4B1926A0}.Release|Any CPU.Build.0 = Release|Any CPU
	EndGlobalSection
	GlobalSection(SolutionProperties) = preSolution
		HideSolutionNode = FALSE
	EndGlobalSection
	GlobalSection(ExtensibilityGlobals) = postSolution
		SolutionGuid = {F909660A-4E56-4572-B488-7E2F1CFCEB7A}
	EndGlobalSection
EndGlobal
