
Microsoft Visual Studio Solution File, Format Version 12.00
# Visual Studio Version 17
VisualStudioVersion = 17.2.32516.85
MinimumVisualStudioVersion = 10.0.40219.1
Project("{FAE04EC0-301F-11D3-BF4B-00C04F79EFBC}") = "FileExercise3", "FileExercise3\FileExercise3.csproj", "{AB336B14-A5AC-49E0-8E1A-4EAAB745384F}"
EndProject
Global
	GlobalSection(SolutionConfigurationPlatforms) = preSolution
		Debug|Any CPU = Debug|Any CPU
		Release|Any CPU = Release|Any CPU
	EndGlobalSection
	GlobalSection(ProjectConfigurationPlatforms) = postSolution
		{AB336B14-A5AC-49E0-8E1A-4EAAB745384F}.Debug|Any CPU.ActiveCfg = Debug|Any CPU
		{AB336B14-A5AC-49E0-8E1A-4EAAB745384F}.Debug|Any CPU.Build.0 = Debug|Any CPU
		{AB336B14-A5AC-49E0-8E1A-4EAAB745384F}.Release|Any CPU.ActiveCfg = Release|Any CPU
		{AB336B14-A5AC-49E0-8E1A-4EAAB745384F}.Release|Any CPU.Build.0 = Release|Any CPU
	EndGlobalSection
	GlobalSection(SolutionProperties) = preSolution
		HideSolutionNode = FALSE
	EndGlobalSection
	GlobalSection(ExtensibilityGlobals) = postSolution
		SolutionGuid = {7639E91F-8874-4DC7-898E-092CB51AAF4B}
	EndGlobalSection
EndGlobal
