
Microsoft Visual Studio Solution File, Format Version 12.00
# Visual Studio Version 17
VisualStudioVersion = 17.2.32516.85
MinimumVisualStudioVersion = 10.0.40219.1
Project("{FAE04EC0-301F-11D3-BF4B-00C04F79EFBC}") = "FileExercise1", "FileExercise1\FileExercise1.csproj", "{757DFF40-2DC9-4C30-9584-5609A02F43FE}"
EndProject
Global
	GlobalSection(SolutionConfigurationPlatforms) = preSolution
		Debug|Any CPU = Debug|Any CPU
		Release|Any CPU = Release|Any CPU
	EndGlobalSection
	GlobalSection(ProjectConfigurationPlatforms) = postSolution
		{757DFF40-2DC9-4C30-9584-5609A02F43FE}.Debug|Any CPU.ActiveCfg = Debug|Any CPU
		{757DFF40-2DC9-4C30-9584-5609A02F43FE}.Debug|Any CPU.Build.0 = Debug|Any CPU
		{757DFF40-2DC9-4C30-9584-5609A02F43FE}.Release|Any CPU.ActiveCfg = Release|Any CPU
		{757DFF40-2DC9-4C30-9584-5609A02F43FE}.Release|Any CPU.Build.0 = Release|Any CPU
	EndGlobalSection
	GlobalSection(SolutionProperties) = preSolution
		HideSolutionNode = FALSE
	EndGlobalSection
	GlobalSection(ExtensibilityGlobals) = postSolution
		SolutionGuid = {D5462D0F-1B40-4210-969B-C16D66E9D9C0}
	EndGlobalSection
EndGlobal
