
Microsoft Visual Studio Solution File, Format Version 12.00
# Visual Studio Version 17
VisualStudioVersion = 17.2.32516.85
MinimumVisualStudioVersion = 10.0.40219.1
Project("{FAE04EC0-301F-11D3-BF4B-00C04F79EFBC}") = "PriceManagement", "PriceManagement\PriceManagement.csproj", "{D16AB56C-FC68-46AB-87C6-5A2D5F4034F6}"
EndProject
Global
	GlobalSection(SolutionConfigurationPlatforms) = preSolution
		Debug|Any CPU = Debug|Any CPU
		Release|Any CPU = Release|Any CPU
	EndGlobalSection
	GlobalSection(ProjectConfigurationPlatforms) = postSolution
		{D16AB56C-FC68-46AB-87C6-5A2D5F4034F6}.Debug|Any CPU.ActiveCfg = Debug|Any CPU
		{D16AB56C-FC68-46AB-87C6-5A2D5F4034F6}.Debug|Any CPU.Build.0 = Debug|Any CPU
		{D16AB56C-FC68-46AB-87C6-5A2D5F4034F6}.Release|Any CPU.ActiveCfg = Release|Any CPU
		{D16AB56C-FC68-46AB-87C6-5A2D5F4034F6}.Release|Any CPU.Build.0 = Release|Any CPU
	EndGlobalSection
	GlobalSection(SolutionProperties) = preSolution
		HideSolutionNode = FALSE
	EndGlobalSection
	GlobalSection(ExtensibilityGlobals) = postSolution
		SolutionGuid = {E0B24113-571E-4717-A270-28D8C71D77B3}
	EndGlobalSection
EndGlobal
