
Microsoft Visual Studio Solution File, Format Version 12.00
# Visual Studio Version 17
VisualStudioVersion = 17.2.32516.85
MinimumVisualStudioVersion = 10.0.40219.1
Project("{FAE04EC0-301F-11D3-BF4B-00C04F79EFBC}") = "POO_q1", "POO_q1\POO_q1.csproj", "{4214B4D1-3427-43E1-B1A9-B0336A58E255}"
EndProject
Global
	GlobalSection(SolutionConfigurationPlatforms) = preSolution
		Debug|Any CPU = Debug|Any CPU
		Release|Any CPU = Release|Any CPU
	EndGlobalSection
	GlobalSection(ProjectConfigurationPlatforms) = postSolution
		{4214B4D1-3427-43E1-B1A9-B0336A58E255}.Debug|Any CPU.ActiveCfg = Debug|Any CPU
		{4214B4D1-3427-43E1-B1A9-B0336A58E255}.Debug|Any CPU.Build.0 = Debug|Any CPU
		{4214B4D1-3427-43E1-B1A9-B0336A58E255}.Release|Any CPU.ActiveCfg = Release|Any CPU
		{4214B4D1-3427-43E1-B1A9-B0336A58E255}.Release|Any CPU.Build.0 = Release|Any CPU
	EndGlobalSection
	GlobalSection(SolutionProperties) = preSolution
		HideSolutionNode = FALSE
	EndGlobalSection
	GlobalSection(ExtensibilityGlobals) = postSolution
		SolutionGuid = {5F690990-7604-4237-BE73-E8E28C7081ED}
	EndGlobalSection
EndGlobal
